// !$*UTF8*$!
{
	archiveVersion = 1;
	classes = {
	};
	objectVersion = 56;
	objects = {

/* Begin PBXBuildFile section */
		8D6E7A3B2F4C4D0E9A1B2C3D /* GlanceHoldApp.swift in Sources */ = {isa = PBXBuildFile; fileRef = 8D6E7A3A2F4C4D0E9A1B2C3D /* GlanceHoldApp.swift */; };
		8D6E7A3D2F4C4D0E9A1B2C3D /* ContentView.swift in Sources */ = {isa = PBXBuildFile; fileRef = 8D6E7A3C2F4C4D0E9A1B2C3D /* ContentView.swift */; };
		8D6E7A3F2F4C4D0E9A1B2C3D /* Assets.xcassets in Resources */ = {isa = PBXBuildFile; fileRef = 8D6E7A3E2F4C4D0E9A1B2C3D /* Assets.xcassets */; };
		8D6E7A4B2F4C4D0E9A1B2C3D /* GlanceHoldState.swift in Sources */ = {isa = PBXBuildFile; fileRef = 8D6E7A4A2F4C4D0E9A1B2C3D /* GlanceHoldState.swift */; };
		8D6E7A4D2F4C4D0E9A1B2C3D /* GlanceHoldStateTests.swift in Sources */ = {isa = PBXBuildFile; fileRef = 8D6E7A4C2F4C4D0E9A1B2C3D /* GlanceHoldStateTests.swift */; };
		8D6E7A612F4C4D0E9A1B2C3D /* CameraPermissionClient.swift in Sources */ = {isa = PBXBuildFile; fileRef = 8D6E7A602F4C4D0E9A1B2C3D /* CameraPermissionClient.swift */; };
		8D6E7A632F4C4D0E9A1B2C3D /* CameraPermissionClientTests.swift in Sources */ = {isa = PBXBuildFile; fileRef = 8D6E7A622F4C4D0E9A1B2C3D /* CameraPermissionClientTests.swift */; };
		8D6E7A652F4C4D0E9A1B2C3D /* AttentionStateMachineTests.swift in Sources */ = {isa = PBXBuildFile; fileRef = 8D6E7A642F4C4D0E9A1B2C3D /* AttentionStateMachineTests.swift */; };
		8D6E7A672F4C4D0E9A1B2C3D /* AttentionStateMachine.swift in Sources */ = {isa = PBXBuildFile; fileRef = 8D6E7A662F4C4D0E9A1B2C3D /* AttentionStateMachine.swift */; };
		8D6E7A692F4C4D0E9A1B2C3D /* PlaybackPolicyTests.swift in Sources */ = {isa = PBXBuildFile; fileRef = 8D6E7A682F4C4D0E9A1B2C3D /* PlaybackPolicyTests.swift */; };
		8D6E7A6B2F4C4D0E9A1B2C3D /* PlaybackPolicy.swift in Sources */ = {isa = PBXBuildFile; fileRef = 8D6E7A6A2F4C4D0E9A1B2C3D /* PlaybackPolicy.swift */; };
		8D6E7A6D2F4C4D0E9A1B2C3D /* AttentionSettingsTests.swift in Sources */ = {isa = PBXBuildFile; fileRef = 8D6E7A6C2F4C4D0E9A1B2C3D /* AttentionSettingsTests.swift */; };
		8D6E7A6F2F4C4D0E9A1B2C3D /* CalibrationModelTests.swift in Sources */ = {isa = PBXBuildFile; fileRef = 8D6E7A6E2F4C4D0E9A1B2C3D /* CalibrationModelTests.swift */; };
		8D6E7A712F4C4D0E9A1B2C3D /* AttentionSettings.swift in Sources */ = {isa = PBXBuildFile; fileRef = 8D6E7A702F4C4D0E9A1B2C3D /* AttentionSettings.swift */; };
		8D6E7A732F4C4D0E9A1B2C3D /* CalibrationModel.swift in Sources */ = {isa = PBXBuildFile; fileRef = 8D6E7A722F4C4D0E9A1B2C3D /* CalibrationModel.swift */; };
		8D6E7A752F4C4D0E9A1B2C3D /* AttentionSettingsStore.swift in Sources */ = {isa = PBXBuildFile; fileRef = 8D6E7A742F4C4D0E9A1B2C3D /* AttentionSettingsStore.swift */; };
		8D6E7A772F4C4D0E9A1B2C3D /* AttentionMonitorTests.swift in Sources */ = {isa = PBXBuildFile; fileRef = 8D6E7A762F4C4D0E9A1B2C3D /* AttentionMonitorTests.swift */; };
		8D6E7A792F4C4D0E9A1B2C3D /* VisionAttentionAnalyzerTests.swift in Sources */ = {isa = PBXBuildFile; fileRef = 8D6E7A782F4C4D0E9A1B2C3D /* VisionAttentionAnalyzerTests.swift */; };
		8D6E7A7B2F4C4D0E9A1B2C3D /* CameraFrameCapture.swift in Sources */ = {isa = PBXBuildFile; fileRef = 8D6E7A7A2F4C4D0E9A1B2C3D /* CameraFrameCapture.swift */; };
		8D6E7A7D2F4C4D0E9A1B2C3D /* VisionAttentionAnalyzer.swift in Sources */ = {isa = PBXBuildFile; fileRef = 8D6E7A7C2F4C4D0E9A1B2C3D /* VisionAttentionAnalyzer.swift */; };
		8D6E7A7F2F4C4D0E9A1B2C3D /* AttentionMonitor.swift in Sources */ = {isa = PBXBuildFile; fileRef = 8D6E7A7E2F4C4D0E9A1B2C3D /* AttentionMonitor.swift */; };
		8D6E7A812F4C4D0E9A1B2C3D /* IINAPlaybackAdapterTests.swift in Sources */ = {isa = PBXBuildFile; fileRef = 8D6E7A802F4C4D0E9A1B2C3D /* IINAPlaybackAdapterTests.swift */; };
		8D6E7A832F4C4D0E9A1B2C3D /* MPVJSONIPCClientTests.swift in Sources */ = {isa = PBXBuildFile; fileRef = 8D6E7A822F4C4D0E9A1B2C3D /* MPVJSONIPCClientTests.swift */; };
		8D6E7A852F4C4D0E9A1B2C3D /* IINAPlaybackAdapter.swift in Sources */ = {isa = PBXBuildFile; fileRef = 8D6E7A842F4C4D0E9A1B2C3D /* IINAPlaybackAdapter.swift */; };
		8D6E7A872F4C4D0E9A1B2C3D /* MPVJSONIPCClient.swift in Sources */ = {isa = PBXBuildFile; fileRef = 8D6E7A862F4C4D0E9A1B2C3D /* MPVJSONIPCClient.swift */; };
		8D6E7A892F4C4D0E9A1B2C3D /* PlaybackCoordinatorTests.swift in Sources */ = {isa = PBXBuildFile; fileRef = 8D6E7A882F4C4D0E9A1B2C3D /* PlaybackCoordinatorTests.swift */; };
		8D6E7A8B2F4C4D0E9A1B2C3D /* PlaybackCoordinator.swift in Sources */ = {isa = PBXBuildFile; fileRef = 8D6E7A8A2F4C4D0E9A1B2C3D /* PlaybackCoordinator.swift */; };
		8D6E7A8D2F4C4D0E9A1B2C3D /* IINAPluginBridgeClientTests.swift in Sources */ = {isa = PBXBuildFile; fileRef = 8D6E7A8C2F4C4D0E9A1B2C3D /* IINAPluginBridgeClientTests.swift */; };
		8D6E7A8F2F4C4D0E9A1B2C3D /* IINAPluginBridgeAdapterTests.swift in Sources */ = {isa = PBXBuildFile; fileRef = 8D6E7A8E2F4C4D0E9A1B2C3D /* IINAPluginBridgeAdapterTests.swift */; };
		8D6E7A912F4C4D0E9A1B2C3D /* IINAPluginBridgeClient.swift in Sources */ = {isa = PBXBuildFile; fileRef = 8D6E7A902F4C4D0E9A1B2C3D /* IINAPluginBridgeClient.swift */; };
		8D6E7A932F4C4D0E9A1B2C3D /* IINAPluginBridgeAdapter.swift in Sources */ = {isa = PBXBuildFile; fileRef = 8D6E7A922F4C4D0E9A1B2C3D /* IINAPluginBridgeAdapter.swift */; };
		8D6E7A952F4C4D0E9A1B2C3D /* MenuOptionPresentationTests.swift in Sources */ = {isa = PBXBuildFile; fileRef = 8D6E7A942F4C4D0E9A1B2C3D /* MenuOptionPresentationTests.swift */; };
		8D6E7A972F4C4D0E9A1B2C3D /* MenuOptionPresentation.swift in Sources */ = {isa = PBXBuildFile; fileRef = 8D6E7A962F4C4D0E9A1B2C3D /* MenuOptionPresentation.swift */; };
		8D6E7A992F4C4D0E9A1B2C3D /* MonitoringToggleControllerTests.swift in Sources */ = {isa = PBXBuildFile; fileRef = 8D6E7A982F4C4D0E9A1B2C3D /* MonitoringToggleControllerTests.swift */; };
		8D6E7A9B2F4C4D0E9A1B2C3D /* MonitoringToggleController.swift in Sources */ = {isa = PBXBuildFile; fileRef = 8D6E7A9A2F4C4D0E9A1B2C3D /* MonitoringToggleController.swift */; };
		8D6E7A9D2F4C4D0E9A1B2C3D /* GlanceHoldLocalizationTests.swift in Sources */ = {isa = PBXBuildFile; fileRef = 8D6E7A9C2F4C4D0E9A1B2C3D /* GlanceHoldLocalizationTests.swift */; };
		8D6E7A9F2F4C4D0E9A1B2C3D /* GlanceHoldStrings.swift in Sources */ = {isa = PBXBuildFile; fileRef = 8D6E7A9E2F4C4D0E9A1B2C3D /* GlanceHoldStrings.swift */; };
		8D6E7AA12F4C4D0E9A1B2C3D /* Localizable.xcstrings in Resources */ = {isa = PBXBuildFile; fileRef = 8D6E7AA02F4C4D0E9A1B2C3D /* Localizable.xcstrings */; };
		8D6E7AA52F4C4D0E9A1B2C3D /* InfoPlist.strings in Resources */ = {isa = PBXBuildFile; fileRef = 8D6E7AA42F4C4D0E9A1B2C3D /* InfoPlist.strings */; };
		8D6E7AA72F4C4D0E9A1B2C3D /* DiagnosticRecorderTests.swift in Sources */ = {isa = PBXBuildFile; fileRef = 8D6E7AA62F4C4D0E9A1B2C3D /* DiagnosticRecorderTests.swift */; };
		8D6E7AA92F4C4D0E9A1B2C3D /* DiagnosticRecorder.swift in Sources */ = {isa = PBXBuildFile; fileRef = 8D6E7AA82F4C4D0E9A1B2C3D /* DiagnosticRecorder.swift */; };
		8D6E7AAB2F4C4D0E9A1B2C3D /* DiagnosticSettingsStore.swift in Sources */ = {isa = PBXBuildFile; fileRef = 8D6E7AAA2F4C4D0E9A1B2C3D /* DiagnosticSettingsStore.swift */; };
		8D6E7AAD2F4C4D0E9A1B2C3D /* AppRestartRequester.swift in Sources */ = {isa = PBXBuildFile; fileRef = 8D6E7AAC2F4C4D0E9A1B2C3D /* AppRestartRequester.swift */; };
		8D6E7AAF2F4C4D0E9A1B2C3D /* PlaybackSemanticDeduperTests.swift in Sources */ = {isa = PBXBuildFile; fileRef = 8D6E7AAE2F4C4D0E9A1B2C3D /* PlaybackSemanticDeduperTests.swift */; };
/* End PBXBuildFile section */

/* Begin PBXContainerItemProxy section */
		8D6E7A582F4C4D0E9A1B2C3D /* PBXContainerItemProxy */ = {
			isa = PBXContainerItemProxy;
			containerPortal = 8D6E7A2A2F4C4D0E9A1B2C3D /* Project object */;
			proxyType = 1;
			remoteGlobalIDString = 8D6E7A332F4C4D0E9A1B2C3D;
			remoteInfo = GlanceHold;
		};
/* End PBXContainerItemProxy section */

/* Begin PBXFileReference section */
		8D6E7A342F4C4D0E9A1B2C3D /* GlanceHold.app */ = {isa = PBXFileReference; explicitFileType = wrapper.application; includeInIndex = 0; path = GlanceHold.app; sourceTree = BUILT_PRODUCTS_DIR; };
		8D6E7A3A2F4C4D0E9A1B2C3D /* GlanceHoldApp.swift */ = {isa = PBXFileReference; lastKnownFileType = sourcecode.swift; path = GlanceHoldApp.swift; sourceTree = "<group>"; };
		8D6E7A3C2F4C4D0E9A1B2C3D /* ContentView.swift */ = {isa = PBXFileReference; lastKnownFileType = sourcecode.swift; path = ContentView.swift; sourceTree = "<group>"; };
		8D6E7A3E2F4C4D0E9A1B2C3D /* Assets.xcassets */ = {isa = PBXFileReference; lastKnownFileType = folder.assetcatalog; path = Assets.xcassets; sourceTree = "<group>"; };
		8D6E7A402F4C4D0E9A1B2C3D /* Info.plist */ = {isa = PBXFileReference; lastKnownFileType = text.plist.xml; path = Info.plist; sourceTree = "<group>"; };
		8D6E7A412F4C4D0E9A1B2C3D /* GlanceHold.entitlements */ = {isa = PBXFileReference; lastKnownFileType = text.plist.entitlements; path = GlanceHold.entitlements; sourceTree = "<group>"; };
		8D6E7A492F4C4D0E9A1B2C3D /* GlanceHoldTests.xctest */ = {isa = PBXFileReference; explicitFileType = wrapper.cfbundle; includeInIndex = 0; path = GlanceHoldTests.xctest; sourceTree = BUILT_PRODUCTS_DIR; };
		8D6E7A4A2F4C4D0E9A1B2C3D /* GlanceHoldState.swift */ = {isa = PBXFileReference; lastKnownFileType = sourcecode.swift; path = GlanceHoldState.swift; sourceTree = "<group>"; };
		8D6E7A4C2F4C4D0E9A1B2C3D /* GlanceHoldStateTests.swift */ = {isa = PBXFileReference; lastKnownFileType = sourcecode.swift; path = GlanceHoldStateTests.swift; sourceTree = "<group>"; };
		8D6E7A602F4C4D0E9A1B2C3D /* CameraPermissionClient.swift */ = {isa = PBXFileReference; lastKnownFileType = sourcecode.swift; path = CameraPermissionClient.swift; sourceTree = "<group>"; };
		8D6E7A622F4C4D0E9A1B2C3D /* CameraPermissionClientTests.swift */ = {isa = PBXFileReference; lastKnownFileType = sourcecode.swift; path = CameraPermissionClientTests.swift; sourceTree = "<group>"; };
		8D6E7A642F4C4D0E9A1B2C3D /* AttentionStateMachineTests.swift */ = {isa = PBXFileReference; lastKnownFileType = sourcecode.swift; path = AttentionStateMachineTests.swift; sourceTree = "<group>"; };
		8D6E7A662F4C4D0E9A1B2C3D /* AttentionStateMachine.swift */ = {isa = PBXFileReference; lastKnownFileType = sourcecode.swift; path = AttentionStateMachine.swift; sourceTree = "<group>"; };
		8D6E7A682F4C4D0E9A1B2C3D /* PlaybackPolicyTests.swift */ = {isa = PBXFileReference; lastKnownFileType = sourcecode.swift; path = PlaybackPolicyTests.swift; sourceTree = "<group>"; };
		8D6E7A6A2F4C4D0E9A1B2C3D /* PlaybackPolicy.swift */ = {isa = PBXFileReference; lastKnownFileType = sourcecode.swift; path = PlaybackPolicy.swift; sourceTree = "<group>"; };
		8D6E7A6C2F4C4D0E9A1B2C3D /* AttentionSettingsTests.swift */ = {isa = PBXFileReference; lastKnownFileType = sourcecode.swift; path = AttentionSettingsTests.swift; sourceTree = "<group>"; };
		8D6E7A6E2F4C4D0E9A1B2C3D /* CalibrationModelTests.swift */ = {isa = PBXFileReference; lastKnownFileType = sourcecode.swift; path = CalibrationModelTests.swift; sourceTree = "<group>"; };
		8D6E7A702F4C4D0E9A1B2C3D /* AttentionSettings.swift */ = {isa = PBXFileReference; lastKnownFileType = sourcecode.swift; path = AttentionSettings.swift; sourceTree = "<group>"; };
		8D6E7A722F4C4D0E9A1B2C3D /* CalibrationModel.swift */ = {isa = PBXFileReference; lastKnownFileType = sourcecode.swift; path = CalibrationModel.swift; sourceTree = "<group>"; };
		8D6E7A742F4C4D0E9A1B2C3D /* AttentionSettingsStore.swift */ = {isa = PBXFileReference; lastKnownFileType = sourcecode.swift; path = AttentionSettingsStore.swift; sourceTree = "<group>"; };
		8D6E7A762F4C4D0E9A1B2C3D /* AttentionMonitorTests.swift */ = {isa = PBXFileReference; lastKnownFileType = sourcecode.swift; path = AttentionMonitorTests.swift; sourceTree = "<group>"; };
		8D6E7A782F4C4D0E9A1B2C3D /* VisionAttentionAnalyzerTests.swift */ = {isa = PBXFileReference; lastKnownFileType = sourcecode.swift; path = VisionAttentionAnalyzerTests.swift; sourceTree = "<group>"; };
		8D6E7A7A2F4C4D0E9A1B2C3D /* CameraFrameCapture.swift */ = {isa = PBXFileReference; lastKnownFileType = sourcecode.swift; path = CameraFrameCapture.swift; sourceTree = "<group>"; };
		8D6E7A7C2F4C4D0E9A1B2C3D /* VisionAttentionAnalyzer.swift */ = {isa = PBXFileReference; lastKnownFileType = sourcecode.swift; path = VisionAttentionAnalyzer.swift; sourceTree = "<group>"; };
		8D6E7A7E2F4C4D0E9A1B2C3D /* AttentionMonitor.swift */ = {isa = PBXFileReference; lastKnownFileType = sourcecode.swift; path = AttentionMonitor.swift; sourceTree = "<group>"; };
		8D6E7A802F4C4D0E9A1B2C3D /* IINAPlaybackAdapterTests.swift */ = {isa = PBXFileReference; lastKnownFileType = sourcecode.swift; path = IINAPlaybackAdapterTests.swift; sourceTree = "<group>"; };
		8D6E7A822F4C4D0E9A1B2C3D /* MPVJSONIPCClientTests.swift */ = {isa = PBXFileReference; lastKnownFileType = sourcecode.swift; path = MPVJSONIPCClientTests.swift; sourceTree = "<group>"; };
		8D6E7A842F4C4D0E9A1B2C3D /* IINAPlaybackAdapter.swift */ = {isa = PBXFileReference; lastKnownFileType = sourcecode.swift; path = IINAPlaybackAdapter.swift; sourceTree = "<group>"; };
		8D6E7A862F4C4D0E9A1B2C3D /* MPVJSONIPCClient.swift */ = {isa = PBXFileReference; lastKnownFileType = sourcecode.swift; path = MPVJSONIPCClient.swift; sourceTree = "<group>"; };
		8D6E7A882F4C4D0E9A1B2C3D /* PlaybackCoordinatorTests.swift */ = {isa = PBXFileReference; lastKnownFileType = sourcecode.swift; path = PlaybackCoordinatorTests.swift; sourceTree = "<group>"; };
		8D6E7A8A2F4C4D0E9A1B2C3D /* PlaybackCoordinator.swift */ = {isa = PBXFileReference; lastKnownFileType = sourcecode.swift; path = PlaybackCoordinator.swift; sourceTree = "<group>"; };
		8D6E7A8C2F4C4D0E9A1B2C3D /* IINAPluginBridgeClientTests.swift */ = {isa = PBXFileReference; lastKnownFileType = sourcecode.swift; path = IINAPluginBridgeClientTests.swift; sourceTree = "<group>"; };
		8D6E7A8E2F4C4D0E9A1B2C3D /* IINAPluginBridgeAdapterTests.swift */ = {isa = PBXFileReference; lastKnownFileType = sourcecode.swift; path = IINAPluginBridgeAdapterTests.swift; sourceTree = "<group>"; };
		8D6E7A902F4C4D0E9A1B2C3D /* IINAPluginBridgeClient.swift */ = {isa = PBXFileReference; lastKnownFileType = sourcecode.swift; path = IINAPluginBridgeClient.swift; sourceTree = "<group>"; };
		8D6E7A922F4C4D0E9A1B2C3D /* IINAPluginBridgeAdapter.swift */ = {isa = PBXFileReference; lastKnownFileType = sourcecode.swift; path = IINAPluginBridgeAdapter.swift; sourceTree = "<group>"; };
		8D6E7A942F4C4D0E9A1B2C3D /* MenuOptionPresentationTests.swift */ = {isa = PBXFileReference; lastKnownFileType = sourcecode.swift; path = MenuOptionPresentationTests.swift; sourceTree = "<group>"; };
		8D6E7A962F4C4D0E9A1B2C3D /* MenuOptionPresentation.swift */ = {isa = PBXFileReference; lastKnownFileType = sourcecode.swift; path = MenuOptionPresentation.swift; sourceTree = "<group>"; };
		8D6E7A982F4C4D0E9A1B2C3D /* MonitoringToggleControllerTests.swift */ = {isa = PBXFileReference; lastKnownFileType = sourcecode.swift; path = MonitoringToggleControllerTests.swift; sourceTree = "<group>"; };
		8D6E7A9A2F4C4D0E9A1B2C3D /* MonitoringToggleController.swift */ = {isa = PBXFileReference; lastKnownFileType = sourcecode.swift; path = MonitoringToggleController.swift; sourceTree = "<group>"; };
		8D6E7A9C2F4C4D0E9A1B2C3D /* GlanceHoldLocalizationTests.swift */ = {isa = PBXFileReference; lastKnownFileType = sourcecode.swift; path = GlanceHoldLocalizationTests.swift; sourceTree = "<group>"; };
		8D6E7A9E2F4C4D0E9A1B2C3D /* GlanceHoldStrings.swift */ = {isa = PBXFileReference; lastKnownFileType = sourcecode.swift; path = GlanceHoldStrings.swift; sourceTree = "<group>"; };
		8D6E7AA02F4C4D0E9A1B2C3D /* Localizable.xcstrings */ = {isa = PBXFileReference; lastKnownFileType = text.json.xcstrings; path = Localizable.xcstrings; sourceTree = "<group>"; };
		8D6E7AA22F4C4D0E9A1B2C3D /* en */ = {isa = PBXFileReference; lastKnownFileType = text.plist.strings; name = en; path = en.lproj/InfoPlist.strings; sourceTree = "<group>"; };
		8D6E7AA32F4C4D0E9A1B2C3D /* zh-Hans */ = {isa = PBXFileReference; lastKnownFileType = text.plist.strings; name = "zh-Hans"; path = "zh-Hans.lproj/InfoPlist.strings"; sourceTree = "<group>"; };
		8D6E7AA62F4C4D0E9A1B2C3D /* DiagnosticRecorderTests.swift */ = {isa = PBXFileReference; lastKnownFileType = sourcecode.swift; path = DiagnosticRecorderTests.swift; sourceTree = "<group>"; };
		8D6E7AA82F4C4D0E9A1B2C3D /* DiagnosticRecorder.swift */ = {isa = PBXFileReference; lastKnownFileType = sourcecode.swift; path = DiagnosticRecorder.swift; sourceTree = "<group>"; };
		8D6E7AAA2F4C4D0E9A1B2C3D /* DiagnosticSettingsStore.swift */ = {isa = PBXFileReference; lastKnownFileType = sourcecode.swift; path = DiagnosticSettingsStore.swift; sourceTree = "<group>"; };
		8D6E7AAC2F4C4D0E9A1B2C3D /* AppRestartRequester.swift */ = {isa = PBXFileReference; lastKnownFileType = sourcecode.swift; path = AppRestartRequester.swift; sourceTree = "<group>"; };
		8D6E7AAE2F4C4D0E9A1B2C3D /* PlaybackSemanticDeduperTests.swift */ = {isa = PBXFileReference; lastKnownFileType = sourcecode.swift; path = PlaybackSemanticDeduperTests.swift; sourceTree = "<group>"; };
/* End PBXFileReference section */

/* Begin PBXFrameworksBuildPhase section */
		8D6E7A312F4C4D0E9A1B2C3D /* Frameworks */ = {
			isa = PBXFrameworksBuildPhase;
			buildActionMask = 2147483647;
			files = (
			);
			runOnlyForDeploymentPostprocessing = 0;
		};
		8D6E7A502F4C4D0E9A1B2C3D /* Frameworks */ = {
			isa = PBXFrameworksBuildPhase;
			buildActionMask = 2147483647;
			files = (
			);
			runOnlyForDeploymentPostprocessing = 0;
		};
/* End PBXFrameworksBuildPhase section */

/* Begin PBXGroup section */
		8D6E7A292F4C4D0E9A1B2C3D = {
			isa = PBXGroup;
			children = (
				8D6E7A382F4C4D0E9A1B2C3D /* GlanceHold */,
				8D6E7A4E2F4C4D0E9A1B2C3D /* GlanceHoldTests */,
				8D6E7A352F4C4D0E9A1B2C3D /* Products */,
			);
			sourceTree = "<group>";
		};
		8D6E7A352F4C4D0E9A1B2C3D /* Products */ = {
			isa = PBXGroup;
			children = (
				8D6E7A342F4C4D0E9A1B2C3D /* GlanceHold.app */,
				8D6E7A492F4C4D0E9A1B2C3D /* GlanceHoldTests.xctest */,
			);
			name = Products;
			sourceTree = "<group>";
		};
		8D6E7A382F4C4D0E9A1B2C3D /* GlanceHold */ = {
			isa = PBXGroup;
			children = (
				8D6E7A3A2F4C4D0E9A1B2C3D /* GlanceHoldApp.swift */,
				8D6E7A3C2F4C4D0E9A1B2C3D /* ContentView.swift */,
				8D6E7A9E2F4C4D0E9A1B2C3D /* GlanceHoldStrings.swift */,
				8D6E7A4A2F4C4D0E9A1B2C3D /* GlanceHoldState.swift */,
				8D6E7A602F4C4D0E9A1B2C3D /* CameraPermissionClient.swift */,
				8D6E7A662F4C4D0E9A1B2C3D /* AttentionStateMachine.swift */,
				8D6E7A6A2F4C4D0E9A1B2C3D /* PlaybackPolicy.swift */,
				8D6E7A702F4C4D0E9A1B2C3D /* AttentionSettings.swift */,
				8D6E7A722F4C4D0E9A1B2C3D /* CalibrationModel.swift */,
				8D6E7A742F4C4D0E9A1B2C3D /* AttentionSettingsStore.swift */,
				8D6E7AAA2F4C4D0E9A1B2C3D /* DiagnosticSettingsStore.swift */,
				8D6E7A7A2F4C4D0E9A1B2C3D /* CameraFrameCapture.swift */,
				8D6E7A7C2F4C4D0E9A1B2C3D /* VisionAttentionAnalyzer.swift */,
				8D6E7A7E2F4C4D0E9A1B2C3D /* AttentionMonitor.swift */,
				8D6E7AA82F4C4D0E9A1B2C3D /* DiagnosticRecorder.swift */,
				8D6E7A842F4C4D0E9A1B2C3D /* IINAPlaybackAdapter.swift */,
				8D6E7A862F4C4D0E9A1B2C3D /* MPVJSONIPCClient.swift */,
				8D6E7A902F4C4D0E9A1B2C3D /* IINAPluginBridgeClient.swift */,
				8D6E7A922F4C4D0E9A1B2C3D /* IINAPluginBridgeAdapter.swift */,
				8D6E7A8A2F4C4D0E9A1B2C3D /* PlaybackCoordinator.swift */,
				8D6E7A962F4C4D0E9A1B2C3D /* MenuOptionPresentation.swift */,
				8D6E7A9A2F4C4D0E9A1B2C3D /* MonitoringToggleController.swift */,
				8D6E7AAC2F4C4D0E9A1B2C3D /* AppRestartRequester.swift */,
				8D6E7A3E2F4C4D0E9A1B2C3D /* Assets.xcassets */,
				8D6E7AA02F4C4D0E9A1B2C3D /* Localizable.xcstrings */,
				8D6E7AA42F4C4D0E9A1B2C3D /* InfoPlist.strings */,
				8D6E7A402F4C4D0E9A1B2C3D /* Info.plist */,
				8D6E7A412F4C4D0E9A1B2C3D /* GlanceHold.entitlements */,
			);
			path = GlanceHold;
			sourceTree = "<group>";
		};
		8D6E7A4E2F4C4D0E9A1B2C3D /* GlanceHoldTests */ = {
			isa = PBXGroup;
			children = (
				8D6E7A4C2F4C4D0E9A1B2C3D /* GlanceHoldStateTests.swift */,
				8D6E7A622F4C4D0E9A1B2C3D /* CameraPermissionClientTests.swift */,
				8D6E7A642F4C4D0E9A1B2C3D /* AttentionStateMachineTests.swift */,
				8D6E7A682F4C4D0E9A1B2C3D /* PlaybackPolicyTests.swift */,
				8D6E7A6C2F4C4D0E9A1B2C3D /* AttentionSettingsTests.swift */,
				8D6E7A6E2F4C4D0E9A1B2C3D /* CalibrationModelTests.swift */,
				8D6E7A762F4C4D0E9A1B2C3D /* AttentionMonitorTests.swift */,
				8D6E7A782F4C4D0E9A1B2C3D /* VisionAttentionAnalyzerTests.swift */,
				8D6E7A802F4C4D0E9A1B2C3D /* IINAPlaybackAdapterTests.swift */,
				8D6E7A822F4C4D0E9A1B2C3D /* MPVJSONIPCClientTests.swift */,
				8D6E7A8C2F4C4D0E9A1B2C3D /* IINAPluginBridgeClientTests.swift */,
				8D6E7A8E2F4C4D0E9A1B2C3D /* IINAPluginBridgeAdapterTests.swift */,
				8D6E7A882F4C4D0E9A1B2C3D /* PlaybackCoordinatorTests.swift */,
				8D6E7A942F4C4D0E9A1B2C3D /* MenuOptionPresentationTests.swift */,
				8D6E7A982F4C4D0E9A1B2C3D /* MonitoringToggleControllerTests.swift */,
				8D6E7A9C2F4C4D0E9A1B2C3D /* GlanceHoldLocalizationTests.swift */,
				8D6E7AA62F4C4D0E9A1B2C3D /* DiagnosticRecorderTests.swift */,
				8D6E7AAE2F4C4D0E9A1B2C3D /* PlaybackSemanticDeduperTests.swift */,
			);
			path = GlanceHoldTests;
			sourceTree = "<group>";
		};
/* End PBXGroup section */

/* Begin PBXNativeTarget section */
		8D6E7A332F4C4D0E9A1B2C3D /* GlanceHold */ = {
			isa = PBXNativeTarget;
			buildConfigurationList = 8D6E7A452F4C4D0E9A1B2C3D /* Build configuration list for PBXNativeTarget "GlanceHold" */;
			buildPhases = (
				8D6E7A302F4C4D0E9A1B2C3D /* Sources */,
				8D6E7A312F4C4D0E9A1B2C3D /* Frameworks */,
				8D6E7A322F4C4D0E9A1B2C3D /* Resources */,
			);
			buildRules = (
			);
			dependencies = (
			);
			name = GlanceHold;
			productName = GlanceHold;
			productReference = 8D6E7A342F4C4D0E9A1B2C3D /* GlanceHold.app */;
			productType = "com.apple.product-type.application";
		};
		8D6E7A552F4C4D0E9A1B2C3D /* GlanceHoldTests */ = {
			isa = PBXNativeTarget;
			buildConfigurationList = 8D6E7A5B2F4C4D0E9A1B2C3D /* Build configuration list for PBXNativeTarget "GlanceHoldTests" */;
			buildPhases = (
				8D6E7A4F2F4C4D0E9A1B2C3D /* Sources */,
				8D6E7A502F4C4D0E9A1B2C3D /* Frameworks */,
				8D6E7A512F4C4D0E9A1B2C3D /* Resources */,
			);
			buildRules = (
			);
			dependencies = (
				8D6E7A592F4C4D0E9A1B2C3D /* PBXTargetDependency */,
			);
			name = GlanceHoldTests;
			productName = GlanceHoldTests;
			productReference = 8D6E7A492F4C4D0E9A1B2C3D /* GlanceHoldTests.xctest */;
			productType = "com.apple.product-type.bundle.unit-test";
		};
/* End PBXNativeTarget section */

/* Begin PBXProject section */
		8D6E7A2A2F4C4D0E9A1B2C3D /* Project object */ = {
			isa = PBXProject;
			attributes = {
				BuildIndependentTargetsInParallel = 1;
				LastSwiftUpdateCheck = 1600;
				LastUpgradeCheck = 2650;
				TargetAttributes = {
					8D6E7A332F4C4D0E9A1B2C3D = {
						CreatedOnToolsVersion = 16.0;
					};
					8D6E7A552F4C4D0E9A1B2C3D = {
						CreatedOnToolsVersion = 16.0;
						TestTargetID = 8D6E7A332F4C4D0E9A1B2C3D;
					};
				};
			};
			buildConfigurationList = 8D6E7A2D2F4C4D0E9A1B2C3D /* Build configuration list for PBXProject "GlanceHold" */;
			compatibilityVersion = "Xcode 14.0";
			developmentRegion = en;
			hasScannedForEncodings = 0;
			knownRegions = (
				en,
				Base,
				"zh-Hans",
			);
			mainGroup = 8D6E7A292F4C4D0E9A1B2C3D;
			productRefGroup = 8D6E7A352F4C4D0E9A1B2C3D /* Products */;
			projectDirPath = "";
			projectRoot = "";
			targets = (
				8D6E7A332F4C4D0E9A1B2C3D /* GlanceHold */,
				8D6E7A552F4C4D0E9A1B2C3D /* GlanceHoldTests */,
			);
		};
/* End PBXProject section */

/* Begin PBXResourcesBuildPhase section */
		8D6E7A322F4C4D0E9A1B2C3D /* Resources */ = {
			isa = PBXResourcesBuildPhase;
			buildActionMask = 2147483647;
			files = (
				8D6E7A3F2F4C4D0E9A1B2C3D /* Assets.xcassets in Resources */,
				8D6E7AA12F4C4D0E9A1B2C3D /* Localizable.xcstrings in Resources */,
				8D6E7AA52F4C4D0E9A1B2C3D /* InfoPlist.strings in Resources */,
			);
			runOnlyForDeploymentPostprocessing = 0;
		};
		8D6E7A512F4C4D0E9A1B2C3D /* Resources */ = {
			isa = PBXResourcesBuildPhase;
			buildActionMask = 2147483647;
			files = (
			);
			runOnlyForDeploymentPostprocessing = 0;
		};
/* End PBXResourcesBuildPhase section */

/* Begin PBXSourcesBuildPhase section */
		8D6E7A302F4C4D0E9A1B2C3D /* Sources */ = {
			isa = PBXSourcesBuildPhase;
			buildActionMask = 2147483647;
			files = (
				8D6E7A3D2F4C4D0E9A1B2C3D /* ContentView.swift in Sources */,
				8D6E7A612F4C4D0E9A1B2C3D /* CameraPermissionClient.swift in Sources */,
				8D6E7A4B2F4C4D0E9A1B2C3D /* GlanceHoldState.swift in Sources */,
				8D6E7A672F4C4D0E9A1B2C3D /* AttentionStateMachine.swift in Sources */,
				8D6E7A6B2F4C4D0E9A1B2C3D /* PlaybackPolicy.swift in Sources */,
				8D6E7A712F4C4D0E9A1B2C3D /* AttentionSettings.swift in Sources */,
				8D6E7A732F4C4D0E9A1B2C3D /* CalibrationModel.swift in Sources */,
				8D6E7A752F4C4D0E9A1B2C3D /* AttentionSettingsStore.swift in Sources */,
				8D6E7AAB2F4C4D0E9A1B2C3D /* DiagnosticSettingsStore.swift in Sources */,
				8D6E7A7B2F4C4D0E9A1B2C3D /* CameraFrameCapture.swift in Sources */,
				8D6E7A7D2F4C4D0E9A1B2C3D /* VisionAttentionAnalyzer.swift in Sources */,
				8D6E7A7F2F4C4D0E9A1B2C3D /* AttentionMonitor.swift in Sources */,
				8D6E7AA92F4C4D0E9A1B2C3D /* DiagnosticRecorder.swift in Sources */,
				8D6E7A852F4C4D0E9A1B2C3D /* IINAPlaybackAdapter.swift in Sources */,
				8D6E7A872F4C4D0E9A1B2C3D /* MPVJSONIPCClient.swift in Sources */,
				8D6E7A912F4C4D0E9A1B2C3D /* IINAPluginBridgeClient.swift in Sources */,
				8D6E7A932F4C4D0E9A1B2C3D /* IINAPluginBridgeAdapter.swift in Sources */,
				8D6E7A8B2F4C4D0E9A1B2C3D /* PlaybackCoordinator.swift in Sources */,
				8D6E7A972F4C4D0E9A1B2C3D /* MenuOptionPresentation.swift in Sources */,
				8D6E7A9B2F4C4D0E9A1B2C3D /* MonitoringToggleController.swift in Sources */,
				8D6E7AAD2F4C4D0E9A1B2C3D /* AppRestartRequester.swift in Sources */,
				8D6E7A9F2F4C4D0E9A1B2C3D /* GlanceHoldStrings.swift in Sources */,
				8D6E7A3B2F4C4D0E9A1B2C3D /* GlanceHoldApp.swift in Sources */,
			);
			runOnlyForDeploymentPostprocessing = 0;
		};
		8D6E7A4F2F4C4D0E9A1B2C3D /* Sources */ = {
			isa = PBXSourcesBuildPhase;
			buildActionMask = 2147483647;
			files = (
				8D6E7A632F4C4D0E9A1B2C3D /* CameraPermissionClientTests.swift in Sources */,
				8D6E7A4D2F4C4D0E9A1B2C3D /* GlanceHoldStateTests.swift in Sources */,
				8D6E7A652F4C4D0E9A1B2C3D /* AttentionStateMachineTests.swift in Sources */,
				8D6E7A692F4C4D0E9A1B2C3D /* PlaybackPolicyTests.swift in Sources */,
				8D6E7A6D2F4C4D0E9A1B2C3D /* AttentionSettingsTests.swift in Sources */,
				8D6E7A6F2F4C4D0E9A1B2C3D /* CalibrationModelTests.swift in Sources */,
				8D6E7A772F4C4D0E9A1B2C3D /* AttentionMonitorTests.swift in Sources */,
				8D6E7A792F4C4D0E9A1B2C3D /* VisionAttentionAnalyzerTests.swift in Sources */,
				8D6E7A812F4C4D0E9A1B2C3D /* IINAPlaybackAdapterTests.swift in Sources */,
				8D6E7A832F4C4D0E9A1B2C3D /* MPVJSONIPCClientTests.swift in Sources */,
				8D6E7A8D2F4C4D0E9A1B2C3D /* IINAPluginBridgeClientTests.swift in Sources */,
				8D6E7A8F2F4C4D0E9A1B2C3D /* IINAPluginBridgeAdapterTests.swift in Sources */,
				8D6E7A892F4C4D0E9A1B2C3D /* PlaybackCoordinatorTests.swift in Sources */,
				8D6E7A952F4C4D0E9A1B2C3D /* MenuOptionPresentationTests.swift in Sources */,
				8D6E7A992F4C4D0E9A1B2C3D /* MonitoringToggleControllerTests.swift in Sources */,
				8D6E7A9D2F4C4D0E9A1B2C3D /* GlanceHoldLocalizationTests.swift in Sources */,
				8D6E7AA72F4C4D0E9A1B2C3D /* DiagnosticRecorderTests.swift in Sources */,
				8D6E7AAF2F4C4D0E9A1B2C3D /* PlaybackSemanticDeduperTests.swift in Sources */,
			);
			runOnlyForDeploymentPostprocessing = 0;
		};
/* End PBXSourcesBuildPhase section */

/* Begin PBXTargetDependency section */
		8D6E7A592F4C4D0E9A1B2C3D /* PBXTargetDependency */ = {
			isa = PBXTargetDependency;
			target = 8D6E7A332F4C4D0E9A1B2C3D /* GlanceHold */;
			targetProxy = 8D6E7A582F4C4D0E9A1B2C3D /* PBXContainerItemProxy */;
		};
/* End PBXTargetDependency section */

/* Begin PBXVariantGroup section */
		8D6E7AA42F4C4D0E9A1B2C3D /* InfoPlist.strings */ = {
			isa = PBXVariantGroup;
			children = (
				8D6E7AA22F4C4D0E9A1B2C3D /* en */,
				8D6E7AA32F4C4D0E9A1B2C3D /* zh-Hans */,
			);
			name = InfoPlist.strings;
			sourceTree = "<group>";
		};
/* End PBXVariantGroup section */

/* Begin XCBuildConfiguration section */
		8D6E7A432F4C4D0E9A1B2C3D /* Debug */ = {
			isa = XCBuildConfiguration;
			buildSettings = {
				ALWAYS_SEARCH_USER_PATHS = NO;
				CLANG_ANALYZER_NONNULL = YES;
				CLANG_ANALYZER_NUMBER_OBJECT_CONVERSION = YES_AGGRESSIVE;
				CLANG_CXX_LANGUAGE_STANDARD = "gnu++20";
				CLANG_ENABLE_MODULES = YES;
				CLANG_ENABLE_OBJC_ARC = YES;
				CLANG_ENABLE_OBJC_WEAK = YES;
				CLANG_WARN_BLOCK_CAPTURE_AUTORELEASING = YES;
				CLANG_WARN_BOOL_CONVERSION = YES;
				CLANG_WARN_COMMA = YES;
				CLANG_WARN_CONSTANT_CONVERSION = YES;
				CLANG_WARN_DEPRECATED_OBJC_IMPLEMENTATIONS = YES;
				CLANG_WARN_DIRECT_OBJC_ISA_USAGE = YES_ERROR;
				CLANG_WARN_DOCUMENTATION_COMMENTS = YES;
				CLANG_WARN_EMPTY_BODY = YES;
				CLANG_WARN_ENUM_CONVERSION = YES;
				CLANG_WARN_INFINITE_RECURSION = YES;
				CLANG_WARN_INT_CONVERSION = YES;
				CLANG_WARN_NON_LITERAL_NULL_CONVERSION = YES;
				CLANG_WARN_OBJC_IMPLICIT_RETAIN_SELF = YES;
				CLANG_WARN_OBJC_LITERAL_CONVERSION = YES;
				CLANG_WARN_OBJC_ROOT_CLASS = YES_ERROR;
				CLANG_WARN_QUOTED_INCLUDE_IN_FRAMEWORK_HEADER = YES;
				CLANG_WARN_RANGE_LOOP_ANALYSIS = YES;
				CLANG_WARN_STRICT_PROTOTYPES = YES;
				CLANG_WARN_SUSPICIOUS_MOVE = YES;
				CLANG_WARN_UNGUARDED_AVAILABILITY = YES_AGGRESSIVE;
				CLANG_WARN_UNREACHABLE_CODE = YES;
				CLANG_WARN__DUPLICATE_METHOD_MATCH = YES;
				COPY_PHASE_STRIP = NO;
				DEAD_CODE_STRIPPING = YES;
				DEBUG_INFORMATION_FORMAT = dwarf;
				ENABLE_STRICT_OBJC_MSGSEND = YES;
				ENABLE_TESTABILITY = YES;
				ENABLE_USER_SCRIPT_SANDBOXING = YES;
				GCC_C_LANGUAGE_STANDARD = gnu17;
				GCC_DYNAMIC_NO_PIC = NO;
				GCC_NO_COMMON_BLOCKS = YES;
				GCC_OPTIMIZATION_LEVEL = 0;
				GCC_PREPROCESSOR_DEFINITIONS = (
					"DEBUG=1",
					"$(inherited)",
				);
				GCC_WARN_64_TO_32_BIT_CONVERSION = YES;
				GCC_WARN_ABOUT_RETURN_TYPE = YES_ERROR;
				GCC_WARN_UNDECLARED_SELECTOR = YES;
				GCC_WARN_UNINITIALIZED_AUTOS = YES_AGGRESSIVE;
				GCC_WARN_UNUSED_FUNCTION = YES;
				GCC_WARN_UNUSED_VARIABLE = YES;
				MACOSX_DEPLOYMENT_TARGET = 14.0;
				MTL_ENABLE_DEBUG_INFO = INCLUDE_SOURCE;
				MTL_FAST_MATH = YES;
				ONLY_ACTIVE_ARCH = YES;
				SDKROOT = macosx;
				STRING_CATALOG_GENERATE_SYMBOLS = YES;
				SWIFT_ACTIVE_COMPILATION_CONDITIONS = DEBUG;
				SWIFT_OPTIMIZATION_LEVEL = "-Onone";
			};
			name = Debug;
		};
		8D6E7A442F4C4D0E9A1B2C3D /* Release */ = {
			isa = XCBuildConfiguration;
			buildSettings = {
				ALWAYS_SEARCH_USER_PATHS = NO;
				CLANG_ANALYZER_NONNULL = YES;
				CLANG_ANALYZER_NUMBER_OBJECT_CONVERSION = YES_AGGRESSIVE;
				CLANG_CXX_LANGUAGE_STANDARD = "gnu++20";
				CLANG_ENABLE_MODULES = YES;
				CLANG_ENABLE_OBJC_ARC = YES;
				CLANG_ENABLE_OBJC_WEAK = YES;
				CLANG_WARN_BLOCK_CAPTURE_AUTORELEASING = YES;
				CLANG_WARN_BOOL_CONVERSION = YES;
				CLANG_WARN_COMMA = YES;
				CLANG_WARN_CONSTANT_CONVERSION = YES;
				CLANG_WARN_DEPRECATED_OBJC_IMPLEMENTATIONS = YES;
				CLANG_WARN_DIRECT_OBJC_ISA_USAGE = YES_ERROR;
				CLANG_WARN_DOCUMENTATION_COMMENTS = YES;
				CLANG_WARN_EMPTY_BODY = YES;
				CLANG_WARN_ENUM_CONVERSION = YES;
				CLANG_WARN_INFINITE_RECURSION = YES;
				CLANG_WARN_INT_CONVERSION = YES;
				CLANG_WARN_NON_LITERAL_NULL_CONVERSION = YES;
				CLANG_WARN_OBJC_IMPLICIT_RETAIN_SELF = YES;
				CLANG_WARN_OBJC_LITERAL_CONVERSION = YES;
				CLANG_WARN_OBJC_ROOT_CLASS = YES_ERROR;
				CLANG_WARN_QUOTED_INCLUDE_IN_FRAMEWORK_HEADER = YES;
				CLANG_WARN_RANGE_LOOP_ANALYSIS = YES;
				CLANG_WARN_STRICT_PROTOTYPES = YES;
				CLANG_WARN_SUSPICIOUS_MOVE = YES;
				CLANG_WARN_UNGUARDED_AVAILABILITY = YES_AGGRESSIVE;
				CLANG_WARN_UNREACHABLE_CODE = YES;
				CLANG_WARN__DUPLICATE_METHOD_MATCH = YES;
				COPY_PHASE_STRIP = NO;
				DEAD_CODE_STRIPPING = YES;
				DEBUG_INFORMATION_FORMAT = "dwarf-with-dsym";
				ENABLE_NS_ASSERTIONS = NO;
				ENABLE_STRICT_OBJC_MSGSEND = YES;
				ENABLE_USER_SCRIPT_SANDBOXING = YES;
				GCC_C_LANGUAGE_STANDARD = gnu17;
				GCC_NO_COMMON_BLOCKS = YES;
				GCC_WARN_64_TO_32_BIT_CONVERSION = YES;
				GCC_WARN_ABOUT_RETURN_TYPE = YES_ERROR;
				GCC_WARN_UNDECLARED_SELECTOR = YES;
				GCC_WARN_UNINITIALIZED_AUTOS = YES_AGGRESSIVE;
				GCC_WARN_UNUSED_FUNCTION = YES;
				GCC_WARN_UNUSED_VARIABLE = YES;
				MACOSX_DEPLOYMENT_TARGET = 14.0;
				MTL_ENABLE_DEBUG_INFO = NO;
				MTL_FAST_MATH = YES;
				SDKROOT = macosx;
				STRING_CATALOG_GENERATE_SYMBOLS = YES;
				SWIFT_COMPILATION_MODE = wholemodule;
			};
			name = Release;
		};
		8D6E7A462F4C4D0E9A1B2C3D /* Debug */ = {
			isa = XCBuildConfiguration;
			buildSettings = {
				ASSETCATALOG_COMPILER_APPICON_NAME = AppIcon;
				CODE_SIGN_ENTITLEMENTS = GlanceHold/GlanceHold.entitlements;
				CODE_SIGN_STYLE = Automatic;
				CURRENT_PROJECT_VERSION = 1;
				DEAD_CODE_STRIPPING = YES;
				DEVELOPMENT_ASSET_PATHS = "";
				ENABLE_HARDENED_RUNTIME = YES;
				GENERATE_INFOPLIST_FILE = NO;
				INFOPLIST_FILE = GlanceHold/Info.plist;
				LD_RUNPATH_SEARCH_PATHS = (
					"$(inherited)",
					"@executable_path/../Frameworks",
				);
				MARKETING_VERSION = 0.1.0;
				PRODUCT_BUNDLE_IDENTIFIER = com.metatron.GlanceHold;
				PRODUCT_NAME = "$(TARGET_NAME)";
				SWIFT_EMIT_LOC_STRINGS = YES;
				SWIFT_VERSION = 5.0;
			};
			name = Debug;
		};
		8D6E7A472F4C4D0E9A1B2C3D /* Release */ = {
			isa = XCBuildConfiguration;
			buildSettings = {
				ASSETCATALOG_COMPILER_APPICON_NAME = AppIcon;
				CODE_SIGN_ENTITLEMENTS = GlanceHold/GlanceHold.entitlements;
				CODE_SIGN_STYLE = Automatic;
				CURRENT_PROJECT_VERSION = 1;
				DEAD_CODE_STRIPPING = YES;
				DEVELOPMENT_ASSET_PATHS = "";
				ENABLE_HARDENED_RUNTIME = YES;
				GENERATE_INFOPLIST_FILE = NO;
				INFOPLIST_FILE = GlanceHold/Info.plist;
				LD_RUNPATH_SEARCH_PATHS = (
					"$(inherited)",
					"@executable_path/../Frameworks",
				);
				MARKETING_VERSION = 0.1.0;
				PRODUCT_BUNDLE_IDENTIFIER = com.metatron.GlanceHold;
				PRODUCT_NAME = "$(TARGET_NAME)";
				SWIFT_EMIT_LOC_STRINGS = YES;
				SWIFT_VERSION = 5.0;
			};
			name = Release;
		};
		8D6E7A5C2F4C4D0E9A1B2C3D /* Debug */ = {
			isa = XCBuildConfiguration;
			buildSettings = {
				BUNDLE_LOADER = "$(TEST_HOST)";
				CODE_SIGN_STYLE = Automatic;
				DEAD_CODE_STRIPPING = YES;
				GENERATE_INFOPLIST_FILE = YES;
				LD_RUNPATH_SEARCH_PATHS = (
					"$(inherited)",
					"@executable_path/../Frameworks",
					"@loader_path/../Frameworks",
				);
				MACOSX_DEPLOYMENT_TARGET = 14.0;
				PRODUCT_BUNDLE_IDENTIFIER = com.metatron.GlanceHoldTests;
				PRODUCT_NAME = "$(TARGET_NAME)";
				SDKROOT = macosx;
				SWIFT_VERSION = 5.0;
				TEST_HOST = "$(BUILT_PRODUCTS_DIR)/GlanceHold.app/Contents/MacOS/GlanceHold";
			};
			name = Debug;
		};
		8D6E7A5D2F4C4D0E9A1B2C3D /* Release */ = {
			isa = XCBuildConfiguration;
			buildSettings = {
				BUNDLE_LOADER = "$(TEST_HOST)";
				CODE_SIGN_STYLE = Automatic;
				DEAD_CODE_STRIPPING = YES;
				GENERATE_INFOPLIST_FILE = YES;
				LD_RUNPATH_SEARCH_PATHS = (
					"$(inherited)",
					"@executable_path/../Frameworks",
					"@loader_path/../Frameworks",
				);
				MACOSX_DEPLOYMENT_TARGET = 14.0;
				PRODUCT_BUNDLE_IDENTIFIER = com.metatron.GlanceHoldTests;
				PRODUCT_NAME = "$(TARGET_NAME)";
				SDKROOT = macosx;
				SWIFT_VERSION = 5.0;
				TEST_HOST = "$(BUILT_PRODUCTS_DIR)/GlanceHold.app/Contents/MacOS/GlanceHold";
			};
			name = Release;
		};
/* End XCBuildConfiguration section */

/* Begin XCConfigurationList section */
		8D6E7A2D2F4C4D0E9A1B2C3D /* Build configuration list for PBXProject "GlanceHold" */ = {
			isa = XCConfigurationList;
			buildConfigurations = (
				8D6E7A432F4C4D0E9A1B2C3D /* Debug */,
				8D6E7A442F4C4D0E9A1B2C3D /* Release */,
			);
			defaultConfigurationIsVisible = 0;
			defaultConfigurationName = Release;
		};
		8D6E7A452F4C4D0E9A1B2C3D /* Build configuration list for PBXNativeTarget "GlanceHold" */ = {
			isa = XCConfigurationList;
			buildConfigurations = (
				8D6E7A462F4C4D0E9A1B2C3D /* Debug */,
				8D6E7A472F4C4D0E9A1B2C3D /* Release */,
			);
			defaultConfigurationIsVisible = 0;
			defaultConfigurationName = Release;
		};
		8D6E7A5B2F4C4D0E9A1B2C3D /* Build configuration list for PBXNativeTarget "GlanceHoldTests" */ = {
			isa = XCConfigurationList;
			buildConfigurations = (
				8D6E7A5C2F4C4D0E9A1B2C3D /* Debug */,
				8D6E7A5D2F4C4D0E9A1B2C3D /* Release */,
			);
			defaultConfigurationIsVisible = 0;
			defaultConfigurationName = Release;
		};
/* End XCConfigurationList section */
	};
	rootObject = 8D6E7A2A2F4C4D0E9A1B2C3D /* Project object */;
}
